
Microsoft Visual Studio Solution File, Format Version 12.00
# Visual Studio Version 17
VisualStudioVersion = 17.7.34031.279
MinimumVisualStudioVersion = 10.0.40219.1
Project("{9A19103F-16F7-4668-BE54-9A1E7A4F7556}") = "FoodRecipeAPI", "FoodRecipeAPI\FoodRecipeAPI.csproj", "{A0312BA9-3E56-4E9A-88A9-EA3BE4BCD3DA}"
EndProject
Project("{9A19103F-16F7-4668-BE54-9A1E7A4F7556}") = "FoodRecipeWebApp", "FoodRecipeWebApp\FoodRecipeWebApp.csproj", "{DA64A775-D7DC-4E9E-A802-15AE25DE4E89}"
EndProject
Project("{E53339B2-1760-4266-BCC7-CA923CBCF16C}") = "docker-compose", "docker-compose.dcproj", "{9EFF6123-CF94-4A08-9DAB-3DA7866D7911}"
EndProject
Global
	GlobalSection(SolutionConfigurationPlatforms) = preSolution
		Debug|Any CPU = Debug|Any CPU
		Release|Any CPU = Release|Any CPU
	EndGlobalSection
	GlobalSection(ProjectConfigurationPlatforms) = postSolution
		{A0312BA9-3E56-4E9A-88A9-EA3BE4BCD3DA}.Debug|Any CPU.ActiveCfg = Debug|Any CPU
		{A0312BA9-3E56-4E9A-88A9-EA3BE4BCD3DA}.Debug|Any CPU.Build.0 = Debug|Any CPU
		{A0312BA9-3E56-4E9A-88A9-EA3BE4BCD3DA}.Release|Any CPU.ActiveCfg = Release|Any CPU
		{A0312BA9-3E56-4E9A-88A9-EA3BE4BCD3DA}.Release|Any CPU.Build.0 = Release|Any CPU
		{DA64A775-D7DC-4E9E-A802-15AE25DE4E89}.Debug|Any CPU.ActiveCfg = Debug|Any CPU
		{DA64A775-D7DC-4E9E-A802-15AE25DE4E89}.Debug|Any CPU.Build.0 = Debug|Any CPU
		{DA64A775-D7DC-4E9E-A802-15AE25DE4E89}.Release|Any CPU.ActiveCfg = Release|Any CPU
		{DA64A775-D7DC-4E9E-A802-15AE25DE4E89}.Release|Any CPU.Build.0 = Release|Any CPU
		{9EFF6123-CF94-4A08-9DAB-3DA7866D7911}.Debug|Any CPU.ActiveCfg = Debug|Any CPU
		{9EFF6123-CF94-4A08-9DAB-3DA7866D7911}.Debug|Any CPU.Build.0 = Debug|Any CPU
		{9EFF6123-CF94-4A08-9DAB-3DA7866D7911}.Release|Any CPU.ActiveCfg = Release|Any CPU
		{9EFF6123-CF94-4A08-9DAB-3DA7866D7911}.Release|Any CPU.Build.0 = Release|Any CPU
	EndGlobalSection
	GlobalSection(SolutionProperties) = preSolution
		HideSolutionNode = FALSE
	EndGlobalSection
	GlobalSection(ExtensibilityGlobals) = postSolution
		SolutionGuid = {585AFEB0-47FB-42CC-88EB-3DBC31117453}
	EndGlobalSection
EndGlobal
